// !$*UTF8*$!
{
	archiveVersion = 1;
	classes = {
	};
	objectVersion = 52;
	objects = {

/* Begin PBXBuildFile section */
		5A0FD61324E1C81500924732 /* JoinerBottomView.swift in Sources */ = {isa = PBXBuildFile; fileRef = 5A0FD61224E1C81500924732 /* JoinerBottomView.swift */; };
		5A0FD61524E32E2500924732 /* SaverProtocol.swift in Sources */ = {isa = PBXBuildFile; fileRef = 5A0FD61424E32E2500924732 /* SaverProtocol.swift */; };
		5A0FD61724E55F2800924732 /* JoinerMiddleView.swift in Sources */ = {isa = PBXBuildFile; fileRef = 5A0FD61624E55F2800924732 /* JoinerMiddleView.swift */; };
		5A1639CE24DC0FFA0086050B /* Merger.swift in Sources */ = {isa = PBXBuildFile; fileRef = 5A1639CD24DC0FFA0086050B /* Merger.swift */; };
		5A31C3FA24FBCA99007E177D /* MultipleImagePicker.swift in Sources */ = {isa = PBXBuildFile; fileRef = 5A31C3F824FBCA99007E177D /* MultipleImagePicker.swift */; };
		5A31C3FB24FBCA99007E177D /* MultipleImagePickerSheet.swift in Sources */ = {isa = PBXBuildFile; fileRef = 5A31C3F924FBCA99007E177D /* MultipleImagePickerSheet.swift */; };
		5A4A14AC24D40952005449BE /* AppDelegate.swift in Sources */ = {isa = PBXBuildFile; fileRef = 5A4A14AB24D40952005449BE /* AppDelegate.swift */; };
		5A4A14AE24D40952005449BE /* SceneDelegate.swift in Sources */ = {isa = PBXBuildFile; fileRef = 5A4A14AD24D40952005449BE /* SceneDelegate.swift */; };
		5A4A14B024D40952005449BE /* MainView.swift in Sources */ = {isa = PBXBuildFile; fileRef = 5A4A14AF24D40952005449BE /* MainView.swift */; };
		5A4A14B224D40953005449BE /* Assets.xcassets in Resources */ = {isa = PBXBuildFile; fileRef = 5A4A14B124D40953005449BE /* Assets.xcassets */; };
		5A4A14B524D40953005449BE /* Preview Assets.xcassets in Resources */ = {isa = PBXBuildFile; fileRef = 5A4A14B424D40953005449BE /* Preview Assets.xcassets */; };
		5A4A14C324D40953005449BE /* PhotoJoinerTests.swift in Sources */ = {isa = PBXBuildFile; fileRef = 5A4A14C224D40953005449BE /* PhotoJoinerTests.swift */; };
		5A4BE97B24DC29760014B69F /* Array+split.swift in Sources */ = {isa = PBXBuildFile; fileRef = 5A4BE97A24DC29760014B69F /* Array+split.swift */; };
		5A4BE97E24DDD4070014B69F /* ActivityIndicatorView in Frameworks */ = {isa = PBXBuildFile; productRef = 5A4BE97D24DDD4070014B69F /* ActivityIndicatorView */; };
		5A4BE98124DDDD540014B69F /* PopupView in Frameworks */ = {isa = PBXBuildFile; productRef = 5A4BE98024DDDD540014B69F /* PopupView */; };
		5A4BE98324DF3D650014B69F /* Style.swift in Sources */ = {isa = PBXBuildFile; fileRef = 5A4BE98224DF3D650014B69F /* Style.swift */; };
		5A4BE98524DF451B0014B69F /* JoinerView.swift in Sources */ = {isa = PBXBuildFile; fileRef = 5A4BE98424DF451B0014B69F /* JoinerView.swift */; };
		5A55A7C224D49DFE004CD22D /* ImagePicker.swift in Sources */ = {isa = PBXBuildFile; fileRef = 5A55A7C124D49DFE004CD22D /* ImagePicker.swift */; };
		5A55A7C424D4AD2C004CD22D /* ImagePickerCoordinator.swift in Sources */ = {isa = PBXBuildFile; fileRef = 5A55A7C324D4AD2C004CD22D /* ImagePickerCoordinator.swift */; };
		5A55A7CA24D6E047004CD22D /* ImagesViewModel.swift in Sources */ = {isa = PBXBuildFile; fileRef = 5A55A7C924D6E047004CD22D /* ImagesViewModel.swift */; };
		5A6C666424DAEB890056F253 /* MergerProtocol.swift in Sources */ = {isa = PBXBuildFile; fileRef = 5A6C666324DAEB890056F253 /* MergerProtocol.swift */; };
		5A6C667024DB538A0056F253 /* Rounded.swift in Sources */ = {isa = PBXBuildFile; fileRef = 5A6C666F24DB538A0056F253 /* Rounded.swift */; };
		5A8180CE24DA052B001E4C5D /* Saver.swift in Sources */ = {isa = PBXBuildFile; fileRef = 5A8180CD24DA052B001E4C5D /* Saver.swift */; };
		5A8180D124DA1250001E4C5D /* SlidingRuler in Frameworks */ = {isa = PBXBuildFile; productRef = 5A8180D024DA1250001E4C5D /* SlidingRuler */; };
		5A9CA6E624F3B2D6003AAD4E /* CustomStepper.swift in Sources */ = {isa = PBXBuildFile; fileRef = 5A9CA6E524F3B2D6003AAD4E /* CustomStepper.swift */; };
		5ADA86C024D830E900FFE05F /* PhotoImage.swift in Sources */ = {isa = PBXBuildFile; fileRef = 5ADA86BF24D830E900FFE05F /* PhotoImage.swift */; };
		5ADA86C524D9959300FFE05F /* PhotoCaruselView.swift in Sources */ = {isa = PBXBuildFile; fileRef = 5ADA86C424D9959300FFE05F /* PhotoCaruselView.swift */; };
		5ADA86C724D9983C00FFE05F /* StyleSelectionView.swift in Sources */ = {isa = PBXBuildFile; fileRef = 5ADA86C624D9983C00FFE05F /* StyleSelectionView.swift */; };
/* End PBXBuildFile section */

/* Begin PBXContainerItemProxy section */
		5A4A14BF24D40953005449BE /* PBXContainerItemProxy */ = {
			isa = PBXContainerItemProxy;
			containerPortal = 5A4A14A024D40952005449BE /* Project object */;
			proxyType = 1;
			remoteGlobalIDString = 5A4A14A724D40952005449BE;
			remoteInfo = PhotoJoiner;
		};
/* End PBXContainerItemProxy section */

/* Begin PBXFileReference section */
		5A0FD61224E1C81500924732 /* JoinerBottomView.swift */ = {isa = PBXFileReference; lastKnownFileType = sourcecode.swift; path = JoinerBottomView.swift; sourceTree = "<group>"; };
		5A0FD61424E32E2500924732 /* SaverProtocol.swift */ = {isa = PBXFileReference; lastKnownFileType = sourcecode.swift; path = SaverProtocol.swift; sourceTree = "<group>"; };
		5A0FD61624E55F2800924732 /* JoinerMiddleView.swift */ = {isa = PBXFileReference; lastKnownFileType = sourcecode.swift; path = JoinerMiddleView.swift; sourceTree = "<group>"; };
		5A1639CD24DC0FFA0086050B /* Merger.swift */ = {isa = PBXFileReference; lastKnownFileType = sourcecode.swift; path = Merger.swift; sourceTree = "<group>"; };
		5A31C3F824FBCA99007E177D /* MultipleImagePicker.swift */ = {isa = PBXFileReference; fileEncoding = 4; lastKnownFileType = sourcecode.swift; path = MultipleImagePicker.swift; sourceTree = "<group>"; };
		5A31C3F924FBCA99007E177D /* MultipleImagePickerSheet.swift */ = {isa = PBXFileReference; fileEncoding = 4; lastKnownFileType = sourcecode.swift; path = MultipleImagePickerSheet.swift; sourceTree = "<group>"; };
		5A4A14A824D40952005449BE /* PhotoJoiner.app */ = {isa = PBXFileReference; explicitFileType = wrapper.application; includeInIndex = 0; path = PhotoJoiner.app; sourceTree = BUILT_PRODUCTS_DIR; };
		5A4A14AB24D40952005449BE /* AppDelegate.swift */ = {isa = PBXFileReference; lastKnownFileType = sourcecode.swift; path = AppDelegate.swift; sourceTree = "<group>"; };
		5A4A14AD24D40952005449BE /* SceneDelegate.swift */ = {isa = PBXFileReference; lastKnownFileType = sourcecode.swift; path = SceneDelegate.swift; sourceTree = "<group>"; };
		5A4A14AF24D40952005449BE /* MainView.swift */ = {isa = PBXFileReference; lastKnownFileType = sourcecode.swift; path = MainView.swift; sourceTree = "<group>"; };
		5A4A14B124D40953005449BE /* Assets.xcassets */ = {isa = PBXFileReference; lastKnownFileType = folder.assetcatalog; path = Assets.xcassets; sourceTree = "<group>"; };
		5A4A14B424D40953005449BE /* Preview Assets.xcassets */ = {isa = PBXFileReference; lastKnownFileType = folder.assetcatalog; path = "Preview Assets.xcassets"; sourceTree = "<group>"; };
		5A4A14B924D40953005449BE /* Info.plist */ = {isa = PBXFileReference; lastKnownFileType = text.plist.xml; path = Info.plist; sourceTree = "<group>"; };
		5A4A14BE24D40953005449BE /* PhotoJoinerTests.xctest */ = {isa = PBXFileReference; explicitFileType = wrapper.cfbundle; includeInIndex = 0; path = PhotoJoinerTests.xctest; sourceTree = BUILT_PRODUCTS_DIR; };
		5A4A14C224D40953005449BE /* PhotoJoinerTests.swift */ = {isa = PBXFileReference; lastKnownFileType = sourcecode.swift; path = PhotoJoinerTests.swift; sourceTree = "<group>"; };
		5A4A14C424D40953005449BE /* Info.plist */ = {isa = PBXFileReference; lastKnownFileType = text.plist.xml; path = Info.plist; sourceTree = "<group>"; };
		5A4BE97A24DC29760014B69F /* Array+split.swift */ = {isa = PBXFileReference; lastKnownFileType = sourcecode.swift; path = "Array+split.swift"; sourceTree = "<group>"; };
		5A4BE98224DF3D650014B69F /* Style.swift */ = {isa = PBXFileReference; lastKnownFileType = sourcecode.swift; path = Style.swift; sourceTree = "<group>"; };
		5A4BE98424DF451B0014B69F /* JoinerView.swift */ = {isa = PBXFileReference; lastKnownFileType = sourcecode.swift; path = JoinerView.swift; sourceTree = "<group>"; };
		5A55A7C124D49DFE004CD22D /* ImagePicker.swift */ = {isa = PBXFileReference; lastKnownFileType = sourcecode.swift; path = ImagePicker.swift; sourceTree = "<group>"; };
		5A55A7C324D4AD2C004CD22D /* ImagePickerCoordinator.swift */ = {isa = PBXFileReference; lastKnownFileType = sourcecode.swift; path = ImagePickerCoordinator.swift; sourceTree = "<group>"; };
		5A55A7C924D6E047004CD22D /* ImagesViewModel.swift */ = {isa = PBXFileReference; lastKnownFileType = sourcecode.swift; path = ImagesViewModel.swift; sourceTree = "<group>"; };
		5A6C666324DAEB890056F253 /* MergerProtocol.swift */ = {isa = PBXFileReference; lastKnownFileType = sourcecode.swift; path = MergerProtocol.swift; sourceTree = "<group>"; };
		5A6C666F24DB538A0056F253 /* Rounded.swift */ = {isa = PBXFileReference; lastKnownFileType = sourcecode.swift; path = Rounded.swift; sourceTree = "<group>"; };
		5A8180CD24DA052B001E4C5D /* Saver.swift */ = {isa = PBXFileReference; lastKnownFileType = sourcecode.swift; path = Saver.swift; sourceTree = "<group>"; };
		5A9CA6E524F3B2D6003AAD4E /* CustomStepper.swift */ = {isa = PBXFileReference; lastKnownFileType = sourcecode.swift; path = CustomStepper.swift; sourceTree = "<group>"; };
		5ADA86BF24D830E900FFE05F /* PhotoImage.swift */ = {isa = PBXFileReference; lastKnownFileType = sourcecode.swift; path = PhotoImage.swift; sourceTree = "<group>"; };
		5ADA86C424D9959300FFE05F /* PhotoCaruselView.swift */ = {isa = PBXFileReference; lastKnownFileType = sourcecode.swift; path = PhotoCaruselView.swift; sourceTree = "<group>"; };
		5ADA86C624D9983C00FFE05F /* StyleSelectionView.swift */ = {isa = PBXFileReference; lastKnownFileType = sourcecode.swift; path = StyleSelectionView.swift; sourceTree = "<group>"; };
/* End PBXFileReference section */

/* Begin PBXFrameworksBuildPhase section */
		5A4A14A524D40952005449BE /* Frameworks */ = {
			isa = PBXFrameworksBuildPhase;
			buildActionMask = 2147483647;
			files = (
				5A4BE98124DDDD540014B69F /* PopupView in Frameworks */,
				5A4BE97E24DDD4070014B69F /* ActivityIndicatorView in Frameworks */,
				5A8180D124DA1250001E4C5D /* SlidingRuler in Frameworks */,
			);
			runOnlyForDeploymentPostprocessing = 0;
		};
		5A4A14BB24D40953005449BE /* Frameworks */ = {
			isa = PBXFrameworksBuildPhase;
			buildActionMask = 2147483647;
			files = (
			);
			runOnlyForDeploymentPostprocessing = 0;
		};
/* End PBXFrameworksBuildPhase section */

/* Begin PBXGroup section */
		5A31C3F724FBCA6B007E177D /* MultipleImagePicker📷 */ = {
			isa = PBXGroup;
			children = (
				5A31C3F824FBCA99007E177D /* MultipleImagePicker.swift */,
				5A31C3F924FBCA99007E177D /* MultipleImagePickerSheet.swift */,
			);
			path = "MultipleImagePicker📷";
			sourceTree = "<group>";
		};
		5A31C3FC24FBF40B007E177D /* PhotoPicker📷 */ = {
			isa = PBXGroup;
			children = (
				5A31C3FE24FBF421007E177D /* iOS14 */,
				5A31C3FD24FBF419007E177D /* iOS13 */,
			);
			path = "PhotoPicker📷";
			sourceTree = "<group>";
		};
		5A31C3FD24FBF419007E177D /* iOS13 */ = {
			isa = PBXGroup;
			children = (
				5A31C3F724FBCA6B007E177D /* MultipleImagePicker📷 */,
			);
			path = iOS13;
			sourceTree = "<group>";
		};
		5A31C3FE24FBF421007E177D /* iOS14 */ = {
			isa = PBXGroup;
			children = (
				5A55A7C524D4B160004CD22D /* ImagePicker📷 */,
			);
			path = iOS14;
			sourceTree = "<group>";
		};
		5A4A149F24D40952005449BE = {
			isa = PBXGroup;
			children = (
				5A4A14AA24D40952005449BE /* PhotoJoiner */,
				5A4A14C124D40953005449BE /* PhotoJoinerTests */,
				5A4A14A924D40952005449BE /* Products */,
			);
			sourceTree = "<group>";
		};
		5A4A14A924D40952005449BE /* Products */ = {
			isa = PBXGroup;
			children = (
				5A4A14A824D40952005449BE /* PhotoJoiner.app */,
				5A4A14BE24D40953005449BE /* PhotoJoinerTests.xctest */,
			);
			name = Products;
			sourceTree = "<group>";
		};
		5A4A14AA24D40952005449BE /* PhotoJoiner */ = {
			isa = PBXGroup;
			children = (
				5A4BE97924DC29230014B69F /* Extensions */,
				5ADA86BE24D830A100FFE05F /* Model */,
				5A6B53B924D7737D00C39A7E /* Views🖥 */,
				5A6B53B724D7732500C39A7E /* UIElements🧩 */,
				5A55A7C824D6E034004CD22D /* ViewModel */,
				5A55A7C624D4B1A2004CD22D /* Root📲 */,
				5A55A7C724D4B2DD004CD22D /* SupportingFiles */,
			);
			path = PhotoJoiner;
			sourceTree = "<group>";
		};
		5A4A14B324D40953005449BE /* Preview Content */ = {
			isa = PBXGroup;
			children = (
				5A4A14B424D40953005449BE /* Preview Assets.xcassets */,
			);
			path = "Preview Content";
			sourceTree = "<group>";
		};
		5A4A14C124D40953005449BE /* PhotoJoinerTests */ = {
			isa = PBXGroup;
			children = (
				5A4A14C224D40953005449BE /* PhotoJoinerTests.swift */,
				5A4A14C424D40953005449BE /* Info.plist */,
			);
			path = PhotoJoinerTests;
			sourceTree = "<group>";
		};
		5A4BE97924DC29230014B69F /* Extensions */ = {
			isa = PBXGroup;
			children = (
				5A4BE97A24DC29760014B69F /* Array+split.swift */,
			);
			path = Extensions;
			sourceTree = "<group>";
		};
		5A55A7C524D4B160004CD22D /* ImagePicker📷 */ = {
			isa = PBXGroup;
			children = (
				5A55A7C124D49DFE004CD22D /* ImagePicker.swift */,
				5A55A7C324D4AD2C004CD22D /* ImagePickerCoordinator.swift */,
			);
			path = "ImagePicker📷";
			sourceTree = "<group>";
		};
		5A55A7C624D4B1A2004CD22D /* Root📲 */ = {
			isa = PBXGroup;
			children = (
				5A4A14AB24D40952005449BE /* AppDelegate.swift */,
				5A4A14AD24D40952005449BE /* SceneDelegate.swift */,
			);
			path = "Root📲";
			sourceTree = "<group>";
		};
		5A55A7C724D4B2DD004CD22D /* SupportingFiles */ = {
			isa = PBXGroup;
			children = (
				5A4A14B124D40953005449BE /* Assets.xcassets */,
				5A4A14B924D40953005449BE /* Info.plist */,
				5A4A14B324D40953005449BE /* Preview Content */,
			);
			path = SupportingFiles;
			sourceTree = "<group>";
		};
		5A55A7C824D6E034004CD22D /* ViewModel */ = {
			isa = PBXGroup;
			children = (
				5A55A7C924D6E047004CD22D /* ImagesViewModel.swift */,
			);
			path = ViewModel;
			sourceTree = "<group>";
		};
		5A6B53B724D7732500C39A7E /* UIElements🧩 */ = {
			isa = PBXGroup;
			children = (
				5A31C3FC24FBF40B007E177D /* PhotoPicker📷 */,
				5A6C666F24DB538A0056F253 /* Rounded.swift */,
				5A9CA6E524F3B2D6003AAD4E /* CustomStepper.swift */,
			);
			path = "UIElements🧩";
			sourceTree = "<group>";
		};
		5A6B53B924D7737D00C39A7E /* Views🖥 */ = {
			isa = PBXGroup;
			children = (
				5A4A14AF24D40952005449BE /* MainView.swift */,
				5ADA86C324D9957300FFE05F /* MainSubviews */,
				5A6C666D24DB52F70056F253 /* MergeViews */,
			);
			path = "Views🖥";
			sourceTree = "<group>";
		};
		5A6C666724DAEE050056F253 /* Merger */ = {
			isa = PBXGroup;
			children = (
				5A1639CD24DC0FFA0086050B /* Merger.swift */,
				5A6C666324DAEB890056F253 /* MergerProtocol.swift */,
			);
			path = Merger;
			sourceTree = "<group>";
		};
		5A6C666A24DAF49F0056F253 /* Saver */ = {
			isa = PBXGroup;
			children = (
				5A8180CD24DA052B001E4C5D /* Saver.swift */,
				5A0FD61424E32E2500924732 /* SaverProtocol.swift */,
			);
			path = Saver;
			sourceTree = "<group>";
		};
		5A6C666D24DB52F70056F253 /* MergeViews */ = {
			isa = PBXGroup;
			children = (
				5A4BE98424DF451B0014B69F /* JoinerView.swift */,
				5A0FD61624E55F2800924732 /* JoinerMiddleView.swift */,
				5A0FD61224E1C81500924732 /* JoinerBottomView.swift */,
			);
			path = MergeViews;
			sourceTree = "<group>";
		};
		5ADA86BE24D830A100FFE05F /* Model */ = {
			isa = PBXGroup;
			children = (
				5ADA86BF24D830E900FFE05F /* PhotoImage.swift */,
				5A6C666A24DAF49F0056F253 /* Saver */,
				5A6C666724DAEE050056F253 /* Merger */,
				5A4BE98224DF3D650014B69F /* Style.swift */,
			);
			path = Model;
			sourceTree = "<group>";
		};
		5ADA86C324D9957300FFE05F /* MainSubviews */ = {
			isa = PBXGroup;
			children = (
				5ADA86C424D9959300FFE05F /* PhotoCaruselView.swift */,
				5ADA86C624D9983C00FFE05F /* StyleSelectionView.swift */,
			);
			path = MainSubviews;
			sourceTree = "<group>";
		};
/* End PBXGroup section */

/* Begin PBXNativeTarget section */
		5A4A14A724D40952005449BE /* PhotoJoiner */ = {
			isa = PBXNativeTarget;
			buildConfigurationList = 5A4A14C724D40953005449BE /* Build configuration list for PBXNativeTarget "PhotoJoiner" */;
			buildPhases = (
				5A4A14A424D40952005449BE /* Sources */,
				5A4A14A524D40952005449BE /* Frameworks */,
				5A4A14A624D40952005449BE /* Resources */,
			);
			buildRules = (
			);
			dependencies = (
			);
			name = PhotoJoiner;
			packageProductDependencies = (
				5A8180D024DA1250001E4C5D /* SlidingRuler */,
				5A4BE97D24DDD4070014B69F /* ActivityIndicatorView */,
				5A4BE98024DDDD540014B69F /* PopupView */,
			);
			productName = PhotoJoiner;
			productReference = 5A4A14A824D40952005449BE /* PhotoJoiner.app */;
			productType = "com.apple.product-type.application";
		};
		5A4A14BD24D40953005449BE /* PhotoJoinerTests */ = {
			isa = PBXNativeTarget;
			buildConfigurationList = 5A4A14CA24D40953005449BE /* Build configuration list for PBXNativeTarget "PhotoJoinerTests" */;
			buildPhases = (
				5A4A14BA24D40953005449BE /* Sources */,
				5A4A14BB24D40953005449BE /* Frameworks */,
				5A4A14BC24D40953005449BE /* Resources */,
			);
			buildRules = (
			);
			dependencies = (
				5A4A14C024D40953005449BE /* PBXTargetDependency */,
			);
			name = PhotoJoinerTests;
			productName = PhotoJoinerTests;
			productReference = 5A4A14BE24D40953005449BE /* PhotoJoinerTests.xctest */;
			productType = "com.apple.product-type.bundle.unit-test";
		};
/* End PBXNativeTarget section */

/* Begin PBXProject section */
		5A4A14A024D40952005449BE /* Project object */ = {
			isa = PBXProject;
			attributes = {
				LastSwiftUpdateCheck = 1160;
				LastUpgradeCheck = 1160;
				ORGANIZATIONNAME = "Alexander Kraev";
				TargetAttributes = {
					5A4A14A724D40952005449BE = {
						CreatedOnToolsVersion = 11.6;
					};
					5A4A14BD24D40953005449BE = {
						CreatedOnToolsVersion = 11.6;
						TestTargetID = 5A4A14A724D40952005449BE;
					};
				};
			};
			buildConfigurationList = 5A4A14A324D40952005449BE /* Build configuration list for PBXProject "PhotoJoiner" */;
			compatibilityVersion = "Xcode 9.3";
			developmentRegion = en;
			hasScannedForEncodings = 0;
			knownRegions = (
				en,
				Base,
			);
			mainGroup = 5A4A149F24D40952005449BE;
			packageReferences = (
				5A8180CF24DA1250001E4C5D /* XCRemoteSwiftPackageReference "SlidingRuler" */,
				5A4BE97C24DDD4070014B69F /* XCRemoteSwiftPackageReference "ActivityIndicatorView" */,
				5A4BE97F24DDDD540014B69F /* XCRemoteSwiftPackageReference "PopupView" */,
			);
			productRefGroup = 5A4A14A924D40952005449BE /* Products */;
			projectDirPath = "";
			projectRoot = "";
			targets = (
				5A4A14A724D40952005449BE /* PhotoJoiner */,
				5A4A14BD24D40953005449BE /* PhotoJoinerTests */,
			);
		};
/* End PBXProject section */

/* Begin PBXResourcesBuildPhase section */
		5A4A14A624D40952005449BE /* Resources */ = {
			isa = PBXResourcesBuildPhase;
			buildActionMask = 2147483647;
			files = (
				5A4A14B524D40953005449BE /* Preview Assets.xcassets in Resources */,
				5A4A14B224D40953005449BE /* Assets.xcassets in Resources */,
			);
			runOnlyForDeploymentPostprocessing = 0;
		};
		5A4A14BC24D40953005449BE /* Resources */ = {
			isa = PBXResourcesBuildPhase;
			buildActionMask = 2147483647;
			files = (
			);
			runOnlyForDeploymentPostprocessing = 0;
		};
/* End PBXResourcesBuildPhase section */

/* Begin PBXSourcesBuildPhase section */
		5A4A14A424D40952005449BE /* Sources */ = {
			isa = PBXSourcesBuildPhase;
			buildActionMask = 2147483647;
			files = (
				5A9CA6E624F3B2D6003AAD4E /* CustomStepper.swift in Sources */,
				5A6C667024DB538A0056F253 /* Rounded.swift in Sources */,
				5A31C3FA24FBCA99007E177D /* MultipleImagePicker.swift in Sources */,
				5A31C3FB24FBCA99007E177D /* MultipleImagePickerSheet.swift in Sources */,
				5ADA86C024D830E900FFE05F /* PhotoImage.swift in Sources */,
				5A55A7CA24D6E047004CD22D /* ImagesViewModel.swift in Sources */,
				5A6C666424DAEB890056F253 /* MergerProtocol.swift in Sources */,
				5ADA86C524D9959300FFE05F /* PhotoCaruselView.swift in Sources */,
				5ADA86C724D9983C00FFE05F /* StyleSelectionView.swift in Sources */,
				5A0FD61724E55F2800924732 /* JoinerMiddleView.swift in Sources */,
				5A1639CE24DC0FFA0086050B /* Merger.swift in Sources */,
				5A4BE98324DF3D650014B69F /* Style.swift in Sources */,
				5A8180CE24DA052B001E4C5D /* Saver.swift in Sources */,
				5A4A14AC24D40952005449BE /* AppDelegate.swift in Sources */,
				5A0FD61324E1C81500924732 /* JoinerBottomView.swift in Sources */,
				5A4BE97B24DC29760014B69F /* Array+split.swift in Sources */,
				5A55A7C224D49DFE004CD22D /* ImagePicker.swift in Sources */,
				5A4BE98524DF451B0014B69F /* JoinerView.swift in Sources */,
				5A4A14AE24D40952005449BE /* SceneDelegate.swift in Sources */,
				5A4A14B024D40952005449BE /* MainView.swift in Sources */,
				5A0FD61524E32E2500924732 /* SaverProtocol.swift in Sources */,
				5A55A7C424D4AD2C004CD22D /* ImagePickerCoordinator.swift in Sources */,
			);
			runOnlyForDeploymentPostprocessing = 0;
		};
		5A4A14BA24D40953005449BE /* Sources */ = {
			isa = PBXSourcesBuildPhase;
			buildActionMask = 2147483647;
			files = (
				5A4A14C324D40953005449BE /* PhotoJoinerTests.swift in Sources */,
			);
			runOnlyForDeploymentPostprocessing = 0;
		};
/* End PBXSourcesBuildPhase section */

/* Begin PBXTargetDependency section */
		5A4A14C024D40953005449BE /* PBXTargetDependency */ = {
			isa = PBXTargetDependency;
			target = 5A4A14A724D40952005449BE /* PhotoJoiner */;
			targetProxy = 5A4A14BF24D40953005449BE /* PBXContainerItemProxy */;
		};
/* End PBXTargetDependency section */

/* Begin XCBuildConfiguration section */
		5A4A14C524D40953005449BE /* Debug */ = {
			isa = XCBuildConfiguration;
			buildSettings = {
				ALWAYS_SEARCH_USER_PATHS = NO;
				CLANG_ANALYZER_NONNULL = YES;
				CLANG_ANALYZER_NUMBER_OBJECT_CONVERSION = YES_AGGRESSIVE;
				CLANG_CXX_LANGUAGE_STANDARD = "gnu++14";
				CLANG_CXX_LIBRARY = "libc++";
				CLANG_ENABLE_MODULES = YES;
				CLANG_ENABLE_OBJC_ARC = YES;
				CLANG_ENABLE_OBJC_WEAK = YES;
				CLANG_WARN_BLOCK_CAPTURE_AUTORELEASING = YES;
				CLANG_WARN_BOOL_CONVERSION = YES;
				CLANG_WARN_COMMA = YES;
				CLANG_WARN_CONSTANT_CONVERSION = YES;
				CLANG_WARN_DEPRECATED_OBJC_IMPLEMENTATIONS = YES;
				CLANG_WARN_DIRECT_OBJC_ISA_USAGE = YES_ERROR;
				CLANG_WARN_DOCUMENTATION_COMMENTS = YES;
				CLANG_WARN_EMPTY_BODY = YES;
				CLANG_WARN_ENUM_CONVERSION = YES;
				CLANG_WARN_INFINITE_RECURSION = YES;
				CLANG_WARN_INT_CONVERSION = YES;
				CLANG_WARN_NON_LITERAL_NULL_CONVERSION = YES;
				CLANG_WARN_OBJC_IMPLICIT_RETAIN_SELF = YES;
				CLANG_WARN_OBJC_LITERAL_CONVERSION = YES;
				CLANG_WARN_OBJC_ROOT_CLASS = YES_ERROR;
				CLANG_WARN_RANGE_LOOP_ANALYSIS = YES;
				CLANG_WARN_STRICT_PROTOTYPES = YES;
				CLANG_WARN_SUSPICIOUS_MOVE = YES;
				CLANG_WARN_UNGUARDED_AVAILABILITY = YES_AGGRESSIVE;
				CLANG_WARN_UNREACHABLE_CODE = YES;
				CLANG_WARN__DUPLICATE_METHOD_MATCH = YES;
				COPY_PHASE_STRIP = NO;
				DEBUG_INFORMATION_FORMAT = dwarf;
				ENABLE_STRICT_OBJC_MSGSEND = YES;
				ENABLE_TESTABILITY = YES;
				GCC_C_LANGUAGE_STANDARD = gnu11;
				GCC_DYNAMIC_NO_PIC = NO;
				GCC_NO_COMMON_BLOCKS = YES;
				GCC_OPTIMIZATION_LEVEL = 0;
				GCC_PREPROCESSOR_DEFINITIONS = (
					"DEBUG=1",
					"$(inherited)",
				);
				GCC_WARN_64_TO_32_BIT_CONVERSION = YES;
				GCC_WARN_ABOUT_RETURN_TYPE = YES_ERROR;
				GCC_WARN_UNDECLARED_SELECTOR = YES;
				GCC_WARN_UNINITIALIZED_AUTOS = YES_AGGRESSIVE;
				GCC_WARN_UNUSED_FUNCTION = YES;
				GCC_WARN_UNUSED_VARIABLE = YES;
				IPHONEOS_DEPLOYMENT_TARGET = 13.2;
				MTL_ENABLE_DEBUG_INFO = INCLUDE_SOURCE;
				MTL_FAST_MATH = YES;
				ONLY_ACTIVE_ARCH = YES;
				SDKROOT = iphoneos;
				SWIFT_ACTIVE_COMPILATION_CONDITIONS = DEBUG;
				SWIFT_OPTIMIZATION_LEVEL = "-Onone";
			};
			name = Debug;
		};
		5A4A14C624D40953005449BE /* Release */ = {
			isa = XCBuildConfiguration;
			buildSettings = {
				ALWAYS_SEARCH_USER_PATHS = NO;
				CLANG_ANALYZER_NONNULL = YES;
				CLANG_ANALYZER_NUMBER_OBJECT_CONVERSION = YES_AGGRESSIVE;
				CLANG_CXX_LANGUAGE_STANDARD = "gnu++14";
				CLANG_CXX_LIBRARY = "libc++";
				CLANG_ENABLE_MODULES = YES;
				CLANG_ENABLE_OBJC_ARC = YES;
				CLANG_ENABLE_OBJC_WEAK = YES;
				CLANG_WARN_BLOCK_CAPTURE_AUTORELEASING = YES;
				CLANG_WARN_BOOL_CONVERSION = YES;
				CLANG_WARN_COMMA = YES;
				CLANG_WARN_CONSTANT_CONVERSION = YES;
				CLANG_WARN_DEPRECATED_OBJC_IMPLEMENTATIONS = YES;
				CLANG_WARN_DIRECT_OBJC_ISA_USAGE = YES_ERROR;
				CLANG_WARN_DOCUMENTATION_COMMENTS = YES;
				CLANG_WARN_EMPTY_BODY = YES;
				CLANG_WARN_ENUM_CONVERSION = YES;
				CLANG_WARN_INFINITE_RECURSION = YES;
				CLANG_WARN_INT_CONVERSION = YES;
				CLANG_WARN_NON_LITERAL_NULL_CONVERSION = YES;
				CLANG_WARN_OBJC_IMPLICIT_RETAIN_SELF = YES;
				CLANG_WARN_OBJC_LITERAL_CONVERSION = YES;
				CLANG_WARN_OBJC_ROOT_CLASS = YES_ERROR;
				CLANG_WARN_RANGE_LOOP_ANALYSIS = YES;
				CLANG_WARN_STRICT_PROTOTYPES = YES;
				CLANG_WARN_SUSPICIOUS_MOVE = YES;
				CLANG_WARN_UNGUARDED_AVAILABILITY = YES_AGGRESSIVE;
				CLANG_WARN_UNREACHABLE_CODE = YES;
				CLANG_WARN__DUPLICATE_METHOD_MATCH = YES;
				COPY_PHASE_STRIP = NO;
				DEBUG_INFORMATION_FORMAT = "dwarf-with-dsym";
				ENABLE_NS_ASSERTIONS = NO;
				ENABLE_STRICT_OBJC_MSGSEND = YES;
				GCC_C_LANGUAGE_STANDARD = gnu11;
				GCC_NO_COMMON_BLOCKS = YES;
				GCC_WARN_64_TO_32_BIT_CONVERSION = YES;
				GCC_WARN_ABOUT_RETURN_TYPE = YES_ERROR;
				GCC_WARN_UNDECLARED_SELECTOR = YES;
				GCC_WARN_UNINITIALIZED_AUTOS = YES_AGGRESSIVE;
				GCC_WARN_UNUSED_FUNCTION = YES;
				GCC_WARN_UNUSED_VARIABLE = YES;
				IPHONEOS_DEPLOYMENT_TARGET = 13.2;
				MTL_ENABLE_DEBUG_INFO = NO;
				MTL_FAST_MATH = YES;
				SDKROOT = iphoneos;
				SWIFT_COMPILATION_MODE = wholemodule;
				SWIFT_OPTIMIZATION_LEVEL = "-O";
				VALIDATE_PRODUCT = YES;
			};
			name = Release;
		};
		5A4A14C824D40953005449BE /* Debug */ = {
			isa = XCBuildConfiguration;
			buildSettings = {
				ASSETCATALOG_COMPILER_APPICON_NAME = AppIcon;
				CODE_SIGN_STYLE = Automatic;
				DEVELOPMENT_ASSET_PATHS = "\"PhotoJoiner/SupportingFiles/Preview Content\"";
				DEVELOPMENT_TEAM = TP33793R45;
				ENABLE_PREVIEWS = YES;
				INFOPLIST_FILE = PhotoJoiner/SupportingFiles/Info.plist;
				IPHONEOS_DEPLOYMENT_TARGET = 13.2;
				LD_RUNPATH_SEARCH_PATHS = (
					"$(inherited)",
					"@executable_path/Frameworks",
				);
				PRODUCT_BUNDLE_IDENTIFIER = com.lexkraev.PhotoJoiner;
				PRODUCT_NAME = "$(TARGET_NAME)";
				SWIFT_VERSION = 5.0;
				TARGETED_DEVICE_FAMILY = "1,2";
			};
			name = Debug;
		};
		5A4A14C924D40953005449BE /* Release */ = {
			isa = XCBuildConfiguration;
			buildSettings = {
				ASSETCATALOG_COMPILER_APPICON_NAME = AppIcon;
				CODE_SIGN_STYLE = Automatic;
				DEVELOPMENT_ASSET_PATHS = "\"PhotoJoiner/SupportingFiles/Preview Content\"";
				DEVELOPMENT_TEAM = TP33793R45;
				ENABLE_PREVIEWS = YES;
				INFOPLIST_FILE = PhotoJoiner/SupportingFiles/Info.plist;
				IPHONEOS_DEPLOYMENT_TARGET = 13.2;
				LD_RUNPATH_SEARCH_PATHS = (
					"$(inherited)",
					"@executable_path/Frameworks",
				);
				PRODUCT_BUNDLE_IDENTIFIER = com.lexkraev.PhotoJoiner;
				PRODUCT_NAME = "$(TARGET_NAME)";
				SWIFT_VERSION = 5.0;
				TARGETED_DEVICE_FAMILY = "1,2";
			};
			name = Release;
		};
		5A4A14CB24D40953005449BE /* Debug */ = {
			isa = XCBuildConfiguration;
			buildSettings = {
				ALWAYS_EMBED_SWIFT_STANDARD_LIBRARIES = YES;
				BUNDLE_LOADER = "$(TEST_HOST)";
				CODE_SIGN_STYLE = Automatic;
				DEVELOPMENT_TEAM = TP33793R45;
				INFOPLIST_FILE = PhotoJoinerTests/Info.plist;
				IPHONEOS_DEPLOYMENT_TARGET = 14.0;
				LD_RUNPATH_SEARCH_PATHS = (
					"$(inherited)",
					"@executable_path/Frameworks",
					"@loader_path/Frameworks",
				);
				PRODUCT_BUNDLE_IDENTIFIER = com.lexkraev.PhotoJoinerTests;
				PRODUCT_NAME = "$(TARGET_NAME)";
				SWIFT_VERSION = 5.0;
				TARGETED_DEVICE_FAMILY = "1,2";
				TEST_HOST = "$(BUILT_PRODUCTS_DIR)/PhotoJoiner.app/PhotoJoiner";
			};
			name = Debug;
		};
		5A4A14CC24D40953005449BE /* Release */ = {
			isa = XCBuildConfiguration;
			buildSettings = {
				ALWAYS_EMBED_SWIFT_STANDARD_LIBRARIES = YES;
				BUNDLE_LOADER = "$(TEST_HOST)";
				CODE_SIGN_STYLE = Automatic;
				DEVELOPMENT_TEAM = TP33793R45;
				INFOPLIST_FILE = PhotoJoinerTests/Info.plist;
				IPHONEOS_DEPLOYMENT_TARGET = 14.0;
				LD_RUNPATH_SEARCH_PATHS = (
					"$(inherited)",
					"@executable_path/Frameworks",
					"@loader_path/Frameworks",
				);
				PRODUCT_BUNDLE_IDENTIFIER = com.lexkraev.PhotoJoinerTests;
				PRODUCT_NAME = "$(TARGET_NAME)";
				SWIFT_VERSION = 5.0;
				TARGETED_DEVICE_FAMILY = "1,2";
				TEST_HOST = "$(BUILT_PRODUCTS_DIR)/PhotoJoiner.app/PhotoJoiner";
			};
			name = Release;
		};
/* End XCBuildConfiguration section */

/* Begin XCConfigurationList section */
		5A4A14A324D40952005449BE /* Build configuration list for PBXProject "PhotoJoiner" */ = {
			isa = XCConfigurationList;
			buildConfigurations = (
				5A4A14C524D40953005449BE /* Debug */,
				5A4A14C624D40953005449BE /* Release */,
			);
			defaultConfigurationIsVisible = 0;
			defaultConfigurationName = Release;
		};
		5A4A14C724D40953005449BE /* Build configuration list for PBXNativeTarget "PhotoJoiner" */ = {
			isa = XCConfigurationList;
			buildConfigurations = (
				5A4A14C824D40953005449BE /* Debug */,
				5A4A14C924D40953005449BE /* Release */,
			);
			defaultConfigurationIsVisible = 0;
			defaultConfigurationName = Release;
		};
		5A4A14CA24D40953005449BE /* Build configuration list for PBXNativeTarget "PhotoJoinerTests" */ = {
			isa = XCConfigurationList;
			buildConfigurations = (
				5A4A14CB24D40953005449BE /* Debug */,
				5A4A14CC24D40953005449BE /* Release */,
			);
			defaultConfigurationIsVisible = 0;
			defaultConfigurationName = Release;
		};
/* End XCConfigurationList section */

/* Begin XCRemoteSwiftPackageReference section */
		5A4BE97C24DDD4070014B69F /* XCRemoteSwiftPackageReference "ActivityIndicatorView" */ = {
			isa = XCRemoteSwiftPackageReference;
			repositoryURL = "https://github.com/exyte/ActivityIndicatorView.git";
			requirement = {
				kind = upToNextMajorVersion;
				minimumVersion = 0.0.3;
			};
		};
		5A4BE97F24DDDD540014B69F /* XCRemoteSwiftPackageReference "PopupView" */ = {
			isa = XCRemoteSwiftPackageReference;
			repositoryURL = "https://github.com/exyte/PopupView.git";
			requirement = {
				kind = upToNextMajorVersion;
				minimumVersion = 0.0.7;
			};
		};
		5A8180CF24DA1250001E4C5D /* XCRemoteSwiftPackageReference "SlidingRuler" */ = {
			isa = XCRemoteSwiftPackageReference;
			repositoryURL = "https://github.com/Pyroh/SlidingRuler";
			requirement = {
				kind = upToNextMajorVersion;
				minimumVersion = 0.2.0;
			};
		};
/* End XCRemoteSwiftPackageReference section */

/* Begin XCSwiftPackageProductDependency section */
		5A4BE97D24DDD4070014B69F /* ActivityIndicatorView */ = {
			isa = XCSwiftPackageProductDependency;
			package = 5A4BE97C24DDD4070014B69F /* XCRemoteSwiftPackageReference "ActivityIndicatorView" */;
			productName = ActivityIndicatorView;
		};
		5A4BE98024DDDD540014B69F /* PopupView */ = {
			isa = XCSwiftPackageProductDependency;
			package = 5A4BE97F24DDDD540014B69F /* XCRemoteSwiftPackageReference "PopupView" */;
			productName = PopupView;
		};
		5A8180D024DA1250001E4C5D /* SlidingRuler */ = {
			isa = XCSwiftPackageProductDependency;
			package = 5A8180CF24DA1250001E4C5D /* XCRemoteSwiftPackageReference "SlidingRuler" */;
			productName = SlidingRuler;
		};
/* End XCSwiftPackageProductDependency section */
	};
	rootObject = 5A4A14A024D40952005449BE /* Project object */;
}
